
Microsoft Visual Studio Solution File, Format Version 12.00
# Visual Studio Version 16
VisualStudioVersion = 16.0.30413.136
MinimumVisualStudioVersion = 10.0.40219.1
Project("{9A19103F-16F7-4668-BE54-9A1E7A4F7556}") = "ConsoleApp", "ConsoleApp\ConsoleApp.csproj", "{F2C2C319-B090-45D0-99FB-92ED1058D820}"
EndProject
Project("{9A19103F-16F7-4668-BE54-9A1E7A4F7556}") = "Asynchronous_ConsoleApp", "Asynchronous_ConsoleApp\Asynchronous_ConsoleApp.csproj", "{1B709CB4-D5A0-4BE2-BF3B-7025914BAA50}"
EndProject
Project("{FAE04EC0-301F-11D3-BF4B-00C04F79EFBC}") = "OutputFromProcess", "OutputFromProcess\OutputFromProcess.csproj", "{5D0C446D-E0E1-4946-96EF-E65348E6F7AB}"
EndProject
Project("{FAE04EC0-301F-11D3-BF4B-00C04F79EFBC}") = "CapturingConsoleOutput.Shared", "CapturingConsoleOutput.Shared\CapturingConsoleOutput.Shared.csproj", "{C80E7D81-41C0-4DC2-AB54-EEA3A87F6D80}"
EndProject
Global
	GlobalSection(SolutionConfigurationPlatforms) = preSolution
		Debug|Any CPU = Debug|Any CPU
		Release|Any CPU = Release|Any CPU
	EndGlobalSection
	GlobalSection(ProjectConfigurationPlatforms) = postSolution
		{F2C2C319-B090-45D0-99FB-92ED1058D820}.Debug|Any CPU.ActiveCfg = Debug|Any CPU
		{F2C2C319-B090-45D0-99FB-92ED1058D820}.Debug|Any CPU.Build.0 = Debug|Any CPU
		{F2C2C319-B090-45D0-99FB-92ED1058D820}.Release|Any CPU.ActiveCfg = Release|Any CPU
		{F2C2C319-B090-45D0-99FB-92ED1058D820}.Release|Any CPU.Build.0 = Release|Any CPU
		{1B709CB4-D5A0-4BE2-BF3B-7025914BAA50}.Debug|Any CPU.ActiveCfg = Debug|Any CPU
		{1B709CB4-D5A0-4BE2-BF3B-7025914BAA50}.Debug|Any CPU.Build.0 = Debug|Any CPU
		{1B709CB4-D5A0-4BE2-BF3B-7025914BAA50}.Release|Any CPU.ActiveCfg = Release|Any CPU
		{1B709CB4-D5A0-4BE2-BF3B-7025914BAA50}.Release|Any CPU.Build.0 = Release|Any CPU
		{5D0C446D-E0E1-4946-96EF-E65348E6F7AB}.Debug|Any CPU.ActiveCfg = Debug|Any CPU
		{5D0C446D-E0E1-4946-96EF-E65348E6F7AB}.Debug|Any CPU.Build.0 = Debug|Any CPU
		{5D0C446D-E0E1-4946-96EF-E65348E6F7AB}.Release|Any CPU.ActiveCfg = Release|Any CPU
		{5D0C446D-E0E1-4946-96EF-E65348E6F7AB}.Release|Any CPU.Build.0 = Release|Any CPU
		{C80E7D81-41C0-4DC2-AB54-EEA3A87F6D80}.Debug|Any CPU.ActiveCfg = Debug|Any CPU
		{C80E7D81-41C0-4DC2-AB54-EEA3A87F6D80}.Debug|Any CPU.Build.0 = Debug|Any CPU
		{C80E7D81-41C0-4DC2-AB54-EEA3A87F6D80}.Release|Any CPU.ActiveCfg = Release|Any CPU
		{C80E7D81-41C0-4DC2-AB54-EEA3A87F6D80}.Release|Any CPU.Build.0 = Release|Any CPU
	EndGlobalSection
	GlobalSection(SolutionProperties) = preSolution
		HideSolutionNode = FALSE
	EndGlobalSection
	GlobalSection(ExtensibilityGlobals) = postSolution
		SolutionGuid = {E634B106-BCC5-49C5-98CD-B61E68EFCA1E}
	EndGlobalSection
EndGlobal
